
Microsoft Visual Studio Solution File, Format Version 12.00
# Visual Studio Version 16
VisualStudioVersion = 16.0.31613.86
MinimumVisualStudioVersion = 10.0.40219.1
Project("{FAE04EC0-301F-11D3-BF4B-00C04F79EFBC}") = "BullsAndCowsWindowsFormsApp", "BullsAndCowsWindowsFormsApp\BullsAndCowsWindowsFormsApp.csproj", "{55160759-12FD-47F1-AE4C-F7B767EABC62}"
EndProject
Global
	GlobalSection(SolutionConfigurationPlatforms) = preSolution
		Debug|Any CPU = Debug|Any CPU
		Release|Any CPU = Release|Any CPU
	EndGlobalSection
	GlobalSection(ProjectConfigurationPlatforms) = postSolution
		{55160759-12FD-47F1-AE4C-F7B767EABC62}.Debug|Any CPU.ActiveCfg = Debug|Any CPU
		{55160759-12FD-47F1-AE4C-F7B767EABC62}.Debug|Any CPU.Build.0 = Debug|Any CPU
		{55160759-12FD-47F1-AE4C-F7B767EABC62}.Release|Any CPU.ActiveCfg = Release|Any CPU
		{55160759-12FD-47F1-AE4C-F7B767EABC62}.Release|Any CPU.Build.0 = Release|Any CPU
	EndGlobalSection
	GlobalSection(SolutionProperties) = preSolution
		HideSolutionNode = FALSE
	EndGlobalSection
	GlobalSection(ExtensibilityGlobals) = postSolution
		SolutionGuid = {D38C8BF3-FA75-4A39-88C2-043FCCD98EAF}
	EndGlobalSection
EndGlobal
